
Microsoft Visual Studio Solution File, Format Version 12.00
# Visual Studio Version 17
VisualStudioVersion = 17.7.34003.232
MinimumVisualStudioVersion = 10.0.40219.1
Project("{FAE04EC0-301F-11D3-BF4B-00C04F79EFBC}") = "BookStore.API", "src\BookStore.API\BookStore.API.csproj", "{45DF9608-4A45-4F90-8257-2DA0B9BE3217}"
EndProject
Global
	GlobalSection(SolutionConfigurationPlatforms) = preSolution
		Debug|Any CPU = Debug|Any CPU
		Release|Any CPU = Release|Any CPU
	EndGlobalSection
	GlobalSection(ProjectConfigurationPlatforms) = postSolution
		{45DF9608-4A45-4F90-8257-2DA0B9BE3217}.Debug|Any CPU.ActiveCfg = Debug|Any CPU
		{45DF9608-4A45-4F90-8257-2DA0B9BE3217}.Debug|Any CPU.Build.0 = Debug|Any CPU
		{45DF9608-4A45-4F90-8257-2DA0B9BE3217}.Release|Any CPU.ActiveCfg = Release|Any CPU
		{45DF9608-4A45-4F90-8257-2DA0B9BE3217}.Release|Any CPU.Build.0 = Release|Any CPU
	EndGlobalSection
	GlobalSection(SolutionProperties) = preSolution
		HideSolutionNode = FALSE
	EndGlobalSection
	GlobalSection(ExtensibilityGlobals) = postSolution
		SolutionGuid = {C80CA7E9-F801-4FB1-88E2-58A9CCC50385}
	EndGlobalSection
EndGlobal
